
Microsoft Visual Studio Solution File, Format Version 12.00
# Visual Studio Version 16
VisualStudioVersion = 16.0.29519.87
MinimumVisualStudioVersion = 10.0.40219.1
Project("{FAE04EC0-301F-11D3-BF4B-00C04F79EFBC}") = "Perms", "Perms\Perms.csproj", "{9477C146-B803-48C4-87F3-EE5D3934C012}"
EndProject
Global
	GlobalSection(SolutionConfigurationPlatforms) = preSolution
		Debug|Any CPU = Debug|Any CPU
		Release|Any CPU = Release|Any CPU
	EndGlobalSection
	GlobalSection(ProjectConfigurationPlatforms) = postSolution
		{9477C146-B803-48C4-87F3-EE5D3934C012}.Debug|Any CPU.ActiveCfg = Debug|Any CPU
		{9477C146-B803-48C4-87F3-EE5D3934C012}.Debug|Any CPU.Build.0 = Debug|Any CPU
		{9477C146-B803-48C4-87F3-EE5D3934C012}.Release|Any CPU.ActiveCfg = Release|Any CPU
		{9477C146-B803-48C4-87F3-EE5D3934C012}.Release|Any CPU.Build.0 = Release|Any CPU
	EndGlobalSection
	GlobalSection(SolutionProperties) = preSolution
		HideSolutionNode = FALSE
	EndGlobalSection
	GlobalSection(ExtensibilityGlobals) = postSolution
		SolutionGuid = {21CE163B-4A06-4926-92DF-F560312B952B}
	EndGlobalSection
EndGlobal
